<?xml version="1.0" encoding="utf-8"?>
<Project ToolsVersion="4.0" xmlns="http://schemas.microsoft.com/developer/msbuild/2003">
  <ItemGroup>
    <Filter Include="Source Files">
      <UniqueIdentifier>{4FC737F1-C7A5-4376-A066-2A32D752A2FF}</UniqueIdentifier>
      <Extensions>cpp;c;cc;cxx;def;odl;idl;hpj;bat;asm;asmx</Extensions>
    </Filter>
    <Filter Include="Header Files">
      <UniqueIdentifier>{93995380-89BD-4b04-88EB-625FBE52EBFB}</UniqueIdentifier>
      <Extensions>h;hh;hpp;hxx;hm;inl;inc;xsd</Extensions>
    </Filter>
    <Filter Include="Resource Files">
      <UniqueIdentifier>{67DA6AB6-F800-4c08-8B7A-83BB121AAD01}</UniqueIdentifier>
      <Extensions>rc;ico;cur;bmp;dlg;rc2;rct;bin;rgs;gif;jpg;jpeg;jpe;resx;tiff;tif;png;wav;mfcribbon-ms</Extensions>
    </Filter>
    <Filter Include="src">
      <UniqueIdentifier>{cde63617-3928-44f9-b3b9-5a3b301fb084}</UniqueIdentifier>
    </Filter>
    <Filter Include="src\_micro-api-readonly">
      <UniqueIdentifier>{87490cc4-0f95-4dfb-9af4-35050509606a}</UniqueIdentifier>
    </Filter>
    <Filter Include="src\_micro-api-readonly\core">
      <UniqueIdentifier>{e761a04b-27d0-465b-863b-042da404e32f}</UniqueIdentifier>
    </Filter>
    <Filter Include="src\_micro-api-readonly\core\libb64">
      <UniqueIdentifier>{b805dba7-7148-4607-b805-2747bbb71e53}</UniqueIdentifier>
    </Filter>
    <Filter Include="src\_micro-api-readonly\core\spiffs">
      <UniqueIdentifier>{35926d55-23c4-4ed3-9b36-96cbe208fe8c}</UniqueIdentifier>
    </Filter>
    <Filter Include="src\_micro-api-readonly\core\umm_malloc">
      <UniqueIdentifier>{fbf43c9b-7cb8-47c9-9901-f2eb7f685ac9}</UniqueIdentifier>
    </Filter>
    <Filter Include="src\_micro-api-readonly\libraries">
      <UniqueIdentifier>{326c9718-b93c-4b49-9c3e-f4155ef82618}</UniqueIdentifier>
    </Filter>
    <Filter Include="src\_micro-api-readonly\libraries\DS1302">
      <UniqueIdentifier>{beb834ac-1dae-4ca1-9932-5d4791dbd115}</UniqueIdentifier>
    </Filter>
    <Filter Include="src\_micro-api-readonly\libraries\QList">
      <UniqueIdentifier>{f38de300-2880-41cd-935e-5b380308a16f}</UniqueIdentifier>
    </Filter>
    <Filter Include="src\_micro-api-readonly\libraries\OneWire">
      <UniqueIdentifier>{3526d3bc-324d-4d71-88a6-6cd0bba8df09}</UniqueIdentifier>
    </Filter>
    <Filter Include="src\_micro-api-readonly\libraries\Wire">
      <UniqueIdentifier>{e3ba99bc-bb46-494d-a69a-e635e660f738}</UniqueIdentifier>
    </Filter>
    <Filter Include="src\_micro-api-readonly\libraries\ESP8266_and_ESP32_Oled_Driver_for_SSD1306_display">
      <UniqueIdentifier>{68ee36fa-f536-4858-8997-377551242ef5}</UniqueIdentifier>
    </Filter>
    <Filter Include="src\_micro-api-readonly\libraries\ESP8266WiFi">
      <UniqueIdentifier>{b9944211-0c5e-485d-a34e-345571d00650}</UniqueIdentifier>
    </Filter>
    <Filter Include="src\_micro-api-readonly\libraries\ESP8266mDNS">
      <UniqueIdentifier>{8883c69d-51af-47a0-8649-3bc44c369c57}</UniqueIdentifier>
    </Filter>
    <Filter Include="src\_micro-api-readonly\libraries\ESP8266HTTPUpdateServer">
      <UniqueIdentifier>{69bdb911-8436-4c29-9135-428855b3d8c1}</UniqueIdentifier>
    </Filter>
    <Filter Include="src\_micro-api-readonly\libraries\MD_DS3231">
      <UniqueIdentifier>{61ca2c5c-7ffd-465a-8af3-5c16c2283f88}</UniqueIdentifier>
    </Filter>
    <Filter Include="src\_micro-api-readonly\libraries\ESP8266WebServer">
      <UniqueIdentifier>{c4b27aa2-e25f-420d-9749-9c87fc1e0ed4}</UniqueIdentifier>
    </Filter>
    <Filter Include="src\_micro-api-readonly\libraries\ArduinoJson">
      <UniqueIdentifier>{15769fb7-f533-4845-ad9e-ecd97ebf0a2c}</UniqueIdentifier>
    </Filter>
  </ItemGroup>
  <ItemGroup>
    <None Include="YssSM.ino" />
    <None Include="C:\Users\ys\AppData\Local\arduino15\packages\esp8266\hardware\esp8266\2.4.1\cores\esp8266\cont.S">
      <Filter>src\_micro-api-readonly\core</Filter>
    </None>
    <None Include="..\libraries\QList\library.properties">
      <Filter>src\_micro-api-readonly\libraries\QList</Filter>
    </None>
    <None Include="..\libraries\OneWire\library.json">
      <Filter>src\_micro-api-readonly\libraries\OneWire</Filter>
    </None>
    <None Include="..\libraries\OneWire\library.properties">
      <Filter>src\_micro-api-readonly\libraries\OneWire</Filter>
    </None>
    <None Include="C:\Users\ys\AppData\Local\arduino15\packages\esp8266\hardware\esp8266\2.4.1\libraries\Wire\library.properties">
      <Filter>src\_micro-api-readonly\libraries\Wire</Filter>
    </None>
    <None Include="..\libraries\ESP8266_and_ESP32_Oled_Driver_for_SSD1306_display\library.json">
      <Filter>src\_micro-api-readonly\libraries\ESP8266_and_ESP32_Oled_Driver_for_SSD1306_display</Filter>
    </None>
    <None Include="..\libraries\ESP8266_and_ESP32_Oled_Driver_for_SSD1306_display\library.properties">
      <Filter>src\_micro-api-readonly\libraries\ESP8266_and_ESP32_Oled_Driver_for_SSD1306_display</Filter>
    </None>
    <None Include="..\libraries\ESP8266_and_ESP32_Oled_Driver_for_SSD1306_display\resources\glyphEditor.html">
      <Filter>src\_micro-api-readonly\libraries\ESP8266_and_ESP32_Oled_Driver_for_SSD1306_display</Filter>
    </None>
    <None Include="C:\Users\ys\AppData\Local\arduino15\packages\esp8266\hardware\esp8266\2.4.1\libraries\ESP8266WiFi\library.properties">
      <Filter>src\_micro-api-readonly\libraries\ESP8266WiFi</Filter>
    </None>
    <None Include="C:\Users\ys\AppData\Local\arduino15\packages\esp8266\hardware\esp8266\2.4.1\libraries\ESP8266HTTPUpdateServer\library.properties">
      <Filter>src\_micro-api-readonly\libraries\ESP8266HTTPUpdateServer</Filter>
    </None>
    <None Include="..\libraries\MD_DS3231\library.properties">
      <Filter>src\_micro-api-readonly\libraries\MD_DS3231</Filter>
    </None>
    <None Include="..\libraries\MD_DS3231\docs\annotated.html">
      <Filter>src\_micro-api-readonly\libraries\MD_DS3231</Filter>
    </None>
    <None Include="..\libraries\MD_DS3231\docs\classes.html">
      <Filter>src\_micro-api-readonly\libraries\MD_DS3231</Filter>
    </None>
    <None Include="..\libraries\MD_DS3231\docs\class_m_d___d_s3231-members.html">
      <Filter>src\_micro-api-readonly\libraries\MD_DS3231</Filter>
    </None>
    <None Include="..\libraries\MD_DS3231\docs\class_m_d___d_s3231.html">
      <Filter>src\_micro-api-readonly\libraries\MD_DS3231</Filter>
    </None>
    <None Include="..\libraries\MD_DS3231\docs\dir_68267d1309a1af8e8297ef4c3efbcdba.html">
      <Filter>src\_micro-api-readonly\libraries\MD_DS3231</Filter>
    </None>
    <None Include="..\libraries\MD_DS3231\docs\files.html">
      <Filter>src\_micro-api-readonly\libraries\MD_DS3231</Filter>
    </None>
    <None Include="..\libraries\MD_DS3231\docs\functions.html">
      <Filter>src\_micro-api-readonly\libraries\MD_DS3231</Filter>
    </None>
    <None Include="..\libraries\MD_DS3231\docs\functions_func.html">
      <Filter>src\_micro-api-readonly\libraries\MD_DS3231</Filter>
    </None>
    <None Include="..\libraries\MD_DS3231\docs\functions_vars.html">
      <Filter>src\_micro-api-readonly\libraries\MD_DS3231</Filter>
    </None>
    <None Include="..\libraries\MD_DS3231\docs\globals.html">
      <Filter>src\_micro-api-readonly\libraries\MD_DS3231</Filter>
    </None>
    <None Include="..\libraries\MD_DS3231\docs\globals_defs.html">
      <Filter>src\_micro-api-readonly\libraries\MD_DS3231</Filter>
    </None>
    <None Include="..\libraries\MD_DS3231\docs\globals_enum.html">
      <Filter>src\_micro-api-readonly\libraries\MD_DS3231</Filter>
    </None>
    <None Include="..\libraries\MD_DS3231\docs\globals_eval.html">
      <Filter>src\_micro-api-readonly\libraries\MD_DS3231</Filter>
    </None>
    <None Include="..\libraries\MD_DS3231\docs\globals_vars.html">
      <Filter>src\_micro-api-readonly\libraries\MD_DS3231</Filter>
    </None>
    <None Include="..\libraries\MD_DS3231\docs\graph_legend.html">
      <Filter>src\_micro-api-readonly\libraries\MD_DS3231</Filter>
    </None>
    <None Include="..\libraries\MD_DS3231\docs\index.html">
      <Filter>src\_micro-api-readonly\libraries\MD_DS3231</Filter>
    </None>
    <None Include="..\libraries\MD_DS3231\docs\pages.html">
      <Filter>src\_micro-api-readonly\libraries\MD_DS3231</Filter>
    </None>
    <None Include="..\libraries\MD_DS3231\docs\page_software.html">
      <Filter>src\_micro-api-readonly\libraries\MD_DS3231</Filter>
    </None>
    <None Include="..\libraries\MD_DS3231\docs\_m_d___d_s3231_8h.html">
      <Filter>src\_micro-api-readonly\libraries\MD_DS3231</Filter>
    </None>
    <None Include="..\libraries\MD_DS3231\docs\search\all_0.html">
      <Filter>src\_micro-api-readonly\libraries\MD_DS3231</Filter>
    </None>
    <None Include="..\libraries\MD_DS3231\docs\search\all_1.html">
      <Filter>src\_micro-api-readonly\libraries\MD_DS3231</Filter>
    </None>
    <None Include="..\libraries\MD_DS3231\docs\search\all_2.html">
      <Filter>src\_micro-api-readonly\libraries\MD_DS3231</Filter>
    </None>
    <None Include="..\libraries\MD_DS3231\docs\search\all_3.html">
      <Filter>src\_micro-api-readonly\libraries\MD_DS3231</Filter>
    </None>
    <None Include="..\libraries\MD_DS3231\docs\search\all_4.html">
      <Filter>src\_micro-api-readonly\libraries\MD_DS3231</Filter>
    </None>
    <None Include="..\libraries\MD_DS3231\docs\search\all_5.html">
      <Filter>src\_micro-api-readonly\libraries\MD_DS3231</Filter>
    </None>
    <None Include="..\libraries\MD_DS3231\docs\search\all_6.html">
      <Filter>src\_micro-api-readonly\libraries\MD_DS3231</Filter>
    </None>
    <None Include="..\libraries\MD_DS3231\docs\search\all_7.html">
      <Filter>src\_micro-api-readonly\libraries\MD_DS3231</Filter>
    </None>
    <None Include="..\libraries\MD_DS3231\docs\search\all_8.html">
      <Filter>src\_micro-api-readonly\libraries\MD_DS3231</Filter>
    </None>
    <None Include="..\libraries\MD_DS3231\docs\search\all_9.html">
      <Filter>src\_micro-api-readonly\libraries\MD_DS3231</Filter>
    </None>
    <None Include="..\libraries\MD_DS3231\docs\search\all_a.html">
      <Filter>src\_micro-api-readonly\libraries\MD_DS3231</Filter>
    </None>
    <None Include="..\libraries\MD_DS3231\docs\search\all_b.html">
      <Filter>src\_micro-api-readonly\libraries\MD_DS3231</Filter>
    </None>
    <None Include="..\libraries\MD_DS3231\docs\search\all_c.html">
      <Filter>src\_micro-api-readonly\libraries\MD_DS3231</Filter>
    </None>
    <None Include="..\libraries\MD_DS3231\docs\search\all_d.html">
      <Filter>src\_micro-api-readonly\libraries\MD_DS3231</Filter>
    </None>
    <None Include="..\libraries\MD_DS3231\docs\search\classes_0.html">
      <Filter>src\_micro-api-readonly\libraries\MD_DS3231</Filter>
    </None>
    <None Include="..\libraries\MD_DS3231\docs\search\defines_0.html">
      <Filter>src\_micro-api-readonly\libraries\MD_DS3231</Filter>
    </None>
    <None Include="..\libraries\MD_DS3231\docs\search\defines_1.html">
      <Filter>src\_micro-api-readonly\libraries\MD_DS3231</Filter>
    </None>
    <None Include="..\libraries\MD_DS3231\docs\search\enums_0.html">
      <Filter>src\_micro-api-readonly\libraries\MD_DS3231</Filter>
    </None>
    <None Include="..\libraries\MD_DS3231\docs\search\enums_1.html">
      <Filter>src\_micro-api-readonly\libraries\MD_DS3231</Filter>
    </None>
    <None Include="..\libraries\MD_DS3231\docs\search\enumvalues_0.html">
      <Filter>src\_micro-api-readonly\libraries\MD_DS3231</Filter>
    </None>
    <None Include="..\libraries\MD_DS3231\docs\search\files_0.html">
      <Filter>src\_micro-api-readonly\libraries\MD_DS3231</Filter>
    </None>
    <None Include="..\libraries\MD_DS3231\docs\search\functions_0.html">
      <Filter>src\_micro-api-readonly\libraries\MD_DS3231</Filter>
    </None>
    <None Include="..\libraries\MD_DS3231\docs\search\functions_1.html">
      <Filter>src\_micro-api-readonly\libraries\MD_DS3231</Filter>
    </None>
    <None Include="..\libraries\MD_DS3231\docs\search\functions_2.html">
      <Filter>src\_micro-api-readonly\libraries\MD_DS3231</Filter>
    </None>
    <None Include="..\libraries\MD_DS3231\docs\search\functions_3.html">
      <Filter>src\_micro-api-readonly\libraries\MD_DS3231</Filter>
    </None>
    <None Include="..\libraries\MD_DS3231\docs\search\functions_4.html">
      <Filter>src\_micro-api-readonly\libraries\MD_DS3231</Filter>
    </None>
    <None Include="..\libraries\MD_DS3231\docs\search\functions_5.html">
      <Filter>src\_micro-api-readonly\libraries\MD_DS3231</Filter>
    </None>
    <None Include="..\libraries\MD_DS3231\docs\search\functions_6.html">
      <Filter>src\_micro-api-readonly\libraries\MD_DS3231</Filter>
    </None>
    <None Include="..\libraries\MD_DS3231\docs\search\functions_7.html">
      <Filter>src\_micro-api-readonly\libraries\MD_DS3231</Filter>
    </None>
    <None Include="..\libraries\MD_DS3231\docs\search\nomatches.html">
      <Filter>src\_micro-api-readonly\libraries\MD_DS3231</Filter>
    </None>
    <None Include="..\libraries\MD_DS3231\docs\search\pages_0.html">
      <Filter>src\_micro-api-readonly\libraries\MD_DS3231</Filter>
    </None>
    <None Include="..\libraries\MD_DS3231\docs\search\pages_1.html">
      <Filter>src\_micro-api-readonly\libraries\MD_DS3231</Filter>
    </None>
    <None Include="..\libraries\MD_DS3231\docs\search\variables_0.html">
      <Filter>src\_micro-api-readonly\libraries\MD_DS3231</Filter>
    </None>
    <None Include="..\libraries\MD_DS3231\docs\search\variables_1.html">
      <Filter>src\_micro-api-readonly\libraries\MD_DS3231</Filter>
    </None>
    <None Include="..\libraries\MD_DS3231\docs\search\variables_2.html">
      <Filter>src\_micro-api-readonly\libraries\MD_DS3231</Filter>
    </None>
    <None Include="..\libraries\MD_DS3231\docs\search\variables_3.html">
      <Filter>src\_micro-api-readonly\libraries\MD_DS3231</Filter>
    </None>
    <None Include="..\libraries\MD_DS3231\docs\search\variables_4.html">
      <Filter>src\_micro-api-readonly\libraries\MD_DS3231</Filter>
    </None>
    <None Include="..\libraries\MD_DS3231\docs\search\variables_5.html">
      <Filter>src\_micro-api-readonly\libraries\MD_DS3231</Filter>
    </None>
    <None Include="..\libraries\MD_DS3231\docs\search\variables_6.html">
      <Filter>src\_micro-api-readonly\libraries\MD_DS3231</Filter>
    </None>
    <None Include="C:\Users\ys\AppData\Local\arduino15\packages\esp8266\hardware\esp8266\2.4.1\libraries\ESP8266WebServer\library.properties">
      <Filter>src\_micro-api-readonly\libraries\ESP8266WebServer</Filter>
    </None>
    <None Include="..\libraries\ArduinoJson\library.json">
      <Filter>src\_micro-api-readonly\libraries\ArduinoJson</Filter>
    </None>
    <None Include="..\libraries\ArduinoJson\library.properties">
      <Filter>src\_micro-api-readonly\libraries\ArduinoJson</Filter>
    </None>
  </ItemGroup>
  <ItemGroup>
    <ClInclude Include="__vm\.YssSM.vsarduino.h">
      <Filter>Header Files</Filter>
    </ClInclude>
    <ClInclude Include="images.h">
      <Filter>Header Files</Filter>
    </ClInclude>
    <ClInclude Include="DallasTerm.h">
      <Filter>Header Files</Filter>
    </ClInclude>
    <ClInclude Include="Heater.h">
      <Filter>Header Files</Filter>
    </ClInclude>
    <ClInclude Include="Kran.h">
      <Filter>Header Files</Filter>
    </ClInclude>
    <ClInclude Include="Httphelper.h">
      <Filter>Header Files</Filter>
    </ClInclude>
    <ClInclude Include="Config.h">
      <Filter>Header Files</Filter>
    </ClInclude>
    <ClInclude Include="Suvid.h">
      <Filter>Header Files</Filter>
    </ClInclude>
    <ClInclude Include="Mode.h">
      <Filter>Header Files</Filter>
    </ClInclude>
    <ClInclude Include="Display.h">
      <Filter>Header Files</Filter>
    </ClInclude>
    <ClInclude Include="Beeper.h">
      <Filter>Header Files</Filter>
    </ClInclude>
    <ClInclude Include="Encoder.h">
      <Filter>Header Files</Filter>
    </ClInclude>
    <ClInclude Include="Main.h">
      <Filter>Header Files</Filter>
    </ClInclude>
    <ClInclude Include="Hardware.h">
      <Filter>Header Files</Filter>
    </ClInclude>
    <ClInclude Include="Extender.h">
      <Filter>Header Files</Filter>
    </ClInclude>
    <ClInclude Include="Cooler.h">
      <Filter>Header Files</Filter>
    </ClInclude>
    <ClInclude Include="Menu.h">
      <Filter>Header Files</Filter>
    </ClInclude>
    <ClInclude Include="MenuItem.h">
      <Filter>Header Files</Filter>
    </ClInclude>
    <ClInclude Include="C:\Users\ys\AppData\Local\arduino15\packages\esp8266\hardware\esp8266\2.4.1\cores\esp8266\Arduino.h">
      <Filter>src\_micro-api-readonly\core</Filter>
    </ClInclude>
    <ClInclude Include="C:\Users\ys\AppData\Local\arduino15\packages\esp8266\hardware\esp8266\2.4.1\cores\esp8266\base64.h">
      <Filter>src\_micro-api-readonly\core</Filter>
    </ClInclude>
    <ClInclude Include="C:\Users\ys\AppData\Local\arduino15\packages\esp8266\hardware\esp8266\2.4.1\cores\esp8266\binary.h">
      <Filter>src\_micro-api-readonly\core</Filter>
    </ClInclude>
    <ClInclude Include="C:\Users\ys\AppData\Local\arduino15\packages\esp8266\hardware\esp8266\2.4.1\cores\esp8266\cbuf.h">
      <Filter>src\_micro-api-readonly\core</Filter>
    </ClInclude>
    <ClInclude Include="C:\Users\ys\AppData\Local\arduino15\packages\esp8266\hardware\esp8266\2.4.1\cores\esp8266\Client.h">
      <Filter>src\_micro-api-readonly\core</Filter>
    </ClInclude>
    <ClInclude Include="C:\Users\ys\AppData\Local\arduino15\packages\esp8266\hardware\esp8266\2.4.1\cores\esp8266\cont.h">
      <Filter>src\_micro-api-readonly\core</Filter>
    </ClInclude>
    <ClInclude Include="C:\Users\ys\AppData\Local\arduino15\packages\esp8266\hardware\esp8266\2.4.1\cores\esp8266\coredecls.h">
      <Filter>src\_micro-api-readonly\core</Filter>
    </ClInclude>
    <ClInclude Include="C:\Users\ys\AppData\Local\arduino15\packages\esp8266\hardware\esp8266\2.4.1\cores\esp8266\core_esp8266_features.h">
      <Filter>src\_micro-api-readonly\core</Filter>
    </ClInclude>
    <ClInclude Include="C:\Users\ys\AppData\Local\arduino15\packages\esp8266\hardware\esp8266\2.4.1\cores\esp8266\core_version.h">
      <Filter>src\_micro-api-readonly\core</Filter>
    </ClInclude>
    <ClInclude Include="C:\Users\ys\AppData\Local\arduino15\packages\esp8266\hardware\esp8266\2.4.1\cores\esp8266\debug.h">
      <Filter>src\_micro-api-readonly\core</Filter>
    </ClInclude>
    <ClInclude Include="C:\Users\ys\AppData\Local\arduino15\packages\esp8266\hardware\esp8266\2.4.1\cores\esp8266\eboot_command.h">
      <Filter>src\_micro-api-readonly\core</Filter>
    </ClInclude>
    <ClInclude Include="C:\Users\ys\AppData\Local\arduino15\packages\esp8266\hardware\esp8266\2.4.1\cores\esp8266\Esp.h">
      <Filter>src\_micro-api-readonly\core</Filter>
    </ClInclude>
    <ClInclude Include="C:\Users\ys\AppData\Local\arduino15\packages\esp8266\hardware\esp8266\2.4.1\cores\esp8266\esp8266_peri.h">
      <Filter>src\_micro-api-readonly\core</Filter>
    </ClInclude>
    <ClInclude Include="C:\Users\ys\AppData\Local\arduino15\packages\esp8266\hardware\esp8266\2.4.1\cores\esp8266\flash_utils.h">
      <Filter>src\_micro-api-readonly\core</Filter>
    </ClInclude>
    <ClInclude Include="C:\Users\ys\AppData\Local\arduino15\packages\esp8266\hardware\esp8266\2.4.1\cores\esp8266\FS.h">
      <Filter>src\_micro-api-readonly\core</Filter>
    </ClInclude>
    <ClInclude Include="C:\Users\ys\AppData\Local\arduino15\packages\esp8266\hardware\esp8266\2.4.1\cores\esp8266\FSImpl.h">
      <Filter>src\_micro-api-readonly\core</Filter>
    </ClInclude>
    <ClInclude Include="C:\Users\ys\AppData\Local\arduino15\packages\esp8266\hardware\esp8266\2.4.1\cores\esp8266\FunctionalInterrupt.h">
      <Filter>src\_micro-api-readonly\core</Filter>
    </ClInclude>
    <ClInclude Include="C:\Users\ys\AppData\Local\arduino15\packages\esp8266\hardware\esp8266\2.4.1\cores\esp8266\HardwareSerial.h">
      <Filter>src\_micro-api-readonly\core</Filter>
    </ClInclude>
    <ClInclude Include="C:\Users\ys\AppData\Local\arduino15\packages\esp8266\hardware\esp8266\2.4.1\cores\esp8266\i2s.h">
      <Filter>src\_micro-api-readonly\core</Filter>
    </ClInclude>
    <ClInclude Include="C:\Users\ys\AppData\Local\arduino15\packages\esp8266\hardware\esp8266\2.4.1\cores\esp8266\interrupts.h">
      <Filter>src\_micro-api-readonly\core</Filter>
    </ClInclude>
    <ClInclude Include="C:\Users\ys\AppData\Local\arduino15\packages\esp8266\hardware\esp8266\2.4.1\cores\esp8266\IPAddress.h">
      <Filter>src\_micro-api-readonly\core</Filter>
    </ClInclude>
    <ClInclude Include="C:\Users\ys\AppData\Local\arduino15\packages\esp8266\hardware\esp8266\2.4.1\cores\esp8266\md5.h">
      <Filter>src\_micro-api-readonly\core</Filter>
    </ClInclude>
    <ClInclude Include="C:\Users\ys\AppData\Local\arduino15\packages\esp8266\hardware\esp8266\2.4.1\cores\esp8266\MD5Builder.h">
      <Filter>src\_micro-api-readonly\core</Filter>
    </ClInclude>
    <ClInclude Include="C:\Users\ys\AppData\Local\arduino15\packages\esp8266\hardware\esp8266\2.4.1\cores\esp8266\pgmspace.h">
      <Filter>src\_micro-api-readonly\core</Filter>
    </ClInclude>
    <ClInclude Include="C:\Users\ys\AppData\Local\arduino15\packages\esp8266\hardware\esp8266\2.4.1\cores\esp8266\Print.h">
      <Filter>src\_micro-api-readonly\core</Filter>
    </ClInclude>
    <ClInclude Include="C:\Users\ys\AppData\Local\arduino15\packages\esp8266\hardware\esp8266\2.4.1\cores\esp8266\Printable.h">
      <Filter>src\_micro-api-readonly\core</Filter>
    </ClInclude>
    <ClInclude Include="C:\Users\ys\AppData\Local\arduino15\packages\esp8266\hardware\esp8266\2.4.1\cores\esp8266\Schedule.h">
      <Filter>src\_micro-api-readonly\core</Filter>
    </ClInclude>
    <ClInclude Include="C:\Users\ys\AppData\Local\arduino15\packages\esp8266\hardware\esp8266\2.4.1\cores\esp8266\Server.h">
      <Filter>src\_micro-api-readonly\core</Filter>
    </ClInclude>
    <ClInclude Include="C:\Users\ys\AppData\Local\arduino15\packages\esp8266\hardware\esp8266\2.4.1\cores\esp8266\sigma_delta.h">
      <Filter>src\_micro-api-readonly\core</Filter>
    </ClInclude>
    <ClInclude Include="C:\Users\ys\AppData\Local\arduino15\packages\esp8266\hardware\esp8266\2.4.1\cores\esp8266\spiffs_api.h">
      <Filter>src\_micro-api-readonly\core</Filter>
    </ClInclude>
    <ClInclude Include="C:\Users\ys\AppData\Local\arduino15\packages\esp8266\hardware\esp8266\2.4.1\cores\esp8266\stdlib_noniso.h">
      <Filter>src\_micro-api-readonly\core</Filter>
    </ClInclude>
    <ClInclude Include="C:\Users\ys\AppData\Local\arduino15\packages\esp8266\hardware\esp8266\2.4.1\cores\esp8266\Stream.h">
      <Filter>src\_micro-api-readonly\core</Filter>
    </ClInclude>
    <ClInclude Include="C:\Users\ys\AppData\Local\arduino15\packages\esp8266\hardware\esp8266\2.4.1\cores\esp8266\StreamString.h">
      <Filter>src\_micro-api-readonly\core</Filter>
    </ClInclude>
    <ClInclude Include="C:\Users\ys\AppData\Local\arduino15\packages\esp8266\hardware\esp8266\2.4.1\cores\esp8266\twi.h">
      <Filter>src\_micro-api-readonly\core</Filter>
    </ClInclude>
    <ClInclude Include="C:\Users\ys\AppData\Local\arduino15\packages\esp8266\hardware\esp8266\2.4.1\cores\esp8266\uart.h">
      <Filter>src\_micro-api-readonly\core</Filter>
    </ClInclude>
    <ClInclude Include="C:\Users\ys\AppData\Local\arduino15\packages\esp8266\hardware\esp8266\2.4.1\cores\esp8266\Udp.h">
      <Filter>src\_micro-api-readonly\core</Filter>
    </ClInclude>
    <ClInclude Include="C:\Users\ys\AppData\Local\arduino15\packages\esp8266\hardware\esp8266\2.4.1\cores\esp8266\Updater.h">
      <Filter>src\_micro-api-readonly\core</Filter>
    </ClInclude>
    <ClInclude Include="C:\Users\ys\AppData\Local\arduino15\packages\esp8266\hardware\esp8266\2.4.1\cores\esp8266\user_config.h">
      <Filter>src\_micro-api-readonly\core</Filter>
    </ClInclude>
    <ClInclude Include="C:\Users\ys\AppData\Local\arduino15\packages\esp8266\hardware\esp8266\2.4.1\cores\esp8266\WCharacter.h">
      <Filter>src\_micro-api-readonly\core</Filter>
    </ClInclude>
    <ClInclude Include="C:\Users\ys\AppData\Local\arduino15\packages\esp8266\hardware\esp8266\2.4.1\cores\esp8266\wiring_private.h">
      <Filter>src\_micro-api-readonly\core</Filter>
    </ClInclude>
    <ClInclude Include="C:\Users\ys\AppData\Local\arduino15\packages\esp8266\hardware\esp8266\2.4.1\cores\esp8266\WString.h">
      <Filter>src\_micro-api-readonly\core</Filter>
    </ClInclude>
    <ClInclude Include="C:\Users\ys\AppData\Local\arduino15\packages\esp8266\hardware\esp8266\2.4.1\cores\esp8266\libb64\cdecode.h">
      <Filter>src\_micro-api-readonly\core\libb64</Filter>
    </ClInclude>
    <ClInclude Include="C:\Users\ys\AppData\Local\arduino15\packages\esp8266\hardware\esp8266\2.4.1\cores\esp8266\libb64\cencode.h">
      <Filter>src\_micro-api-readonly\core\libb64</Filter>
    </ClInclude>
    <ClInclude Include="C:\Users\ys\AppData\Local\arduino15\packages\esp8266\hardware\esp8266\2.4.1\cores\esp8266\spiffs\spiffs.h">
      <Filter>src\_micro-api-readonly\core\spiffs</Filter>
    </ClInclude>
    <ClInclude Include="C:\Users\ys\AppData\Local\arduino15\packages\esp8266\hardware\esp8266\2.4.1\cores\esp8266\spiffs\spiffs_config.h">
      <Filter>src\_micro-api-readonly\core\spiffs</Filter>
    </ClInclude>
    <ClInclude Include="C:\Users\ys\AppData\Local\arduino15\packages\esp8266\hardware\esp8266\2.4.1\cores\esp8266\spiffs\spiffs_nucleus.h">
      <Filter>src\_micro-api-readonly\core\spiffs</Filter>
    </ClInclude>
    <ClInclude Include="C:\Users\ys\AppData\Local\arduino15\packages\esp8266\hardware\esp8266\2.4.1\cores\esp8266\umm_malloc\umm_malloc.h">
      <Filter>src\_micro-api-readonly\core\umm_malloc</Filter>
    </ClInclude>
    <ClInclude Include="C:\Users\ys\AppData\Local\arduino15\packages\esp8266\hardware\esp8266\2.4.1\cores\esp8266\umm_malloc\umm_malloc_cfg.h">
      <Filter>src\_micro-api-readonly\core\umm_malloc</Filter>
    </ClInclude>
    <ClInclude Include="C:\Users\ys\AppData\Local\arduino15\packages\esp8266\hardware\esp8266\2.4.1\variants\nodemcu\pins_arduino.h">
      <Filter>src\_micro-api-readonly\core</Filter>
    </ClInclude>
    <ClInclude Include="..\libraries\DS1302\DS1302.h">
      <Filter>src\_micro-api-readonly\libraries\DS1302</Filter>
    </ClInclude>
    <ClInclude Include="..\libraries\QList\src\QList.h">
      <Filter>src\_micro-api-readonly\libraries\QList</Filter>
    </ClInclude>
    <ClInclude Include="..\libraries\OneWire\OneWire.h">
      <Filter>src\_micro-api-readonly\libraries\OneWire</Filter>
    </ClInclude>
    <ClInclude Include="C:\Users\ys\AppData\Local\arduino15\packages\esp8266\hardware\esp8266\2.4.1\libraries\Wire\Wire.h">
      <Filter>src\_micro-api-readonly\libraries\Wire</Filter>
    </ClInclude>
    <ClInclude Include="..\libraries\ESP8266_and_ESP32_Oled_Driver_for_SSD1306_display\src\OLEDDisplay.h">
      <Filter>src\_micro-api-readonly\libraries\ESP8266_and_ESP32_Oled_Driver_for_SSD1306_display</Filter>
    </ClInclude>
    <ClInclude Include="..\libraries\ESP8266_and_ESP32_Oled_Driver_for_SSD1306_display\src\OLEDDisplayFonts.h">
      <Filter>src\_micro-api-readonly\libraries\ESP8266_and_ESP32_Oled_Driver_for_SSD1306_display</Filter>
    </ClInclude>
    <ClInclude Include="..\libraries\ESP8266_and_ESP32_Oled_Driver_for_SSD1306_display\src\OLEDDisplayUi.h">
      <Filter>src\_micro-api-readonly\libraries\ESP8266_and_ESP32_Oled_Driver_for_SSD1306_display</Filter>
    </ClInclude>
    <ClInclude Include="..\libraries\ESP8266_and_ESP32_Oled_Driver_for_SSD1306_display\src\SH1106.h">
      <Filter>src\_micro-api-readonly\libraries\ESP8266_and_ESP32_Oled_Driver_for_SSD1306_display</Filter>
    </ClInclude>
    <ClInclude Include="..\libraries\ESP8266_and_ESP32_Oled_Driver_for_SSD1306_display\src\SH1106Brzo.h">
      <Filter>src\_micro-api-readonly\libraries\ESP8266_and_ESP32_Oled_Driver_for_SSD1306_display</Filter>
    </ClInclude>
    <ClInclude Include="..\libraries\ESP8266_and_ESP32_Oled_Driver_for_SSD1306_display\src\SH1106Spi.h">
      <Filter>src\_micro-api-readonly\libraries\ESP8266_and_ESP32_Oled_Driver_for_SSD1306_display</Filter>
    </ClInclude>
    <ClInclude Include="..\libraries\ESP8266_and_ESP32_Oled_Driver_for_SSD1306_display\src\SH1106Wire.h">
      <Filter>src\_micro-api-readonly\libraries\ESP8266_and_ESP32_Oled_Driver_for_SSD1306_display</Filter>
    </ClInclude>
    <ClInclude Include="..\libraries\ESP8266_and_ESP32_Oled_Driver_for_SSD1306_display\src\SSD1306.h">
      <Filter>src\_micro-api-readonly\libraries\ESP8266_and_ESP32_Oled_Driver_for_SSD1306_display</Filter>
    </ClInclude>
    <ClInclude Include="..\libraries\ESP8266_and_ESP32_Oled_Driver_for_SSD1306_display\src\SSD1306Brzo.h">
      <Filter>src\_micro-api-readonly\libraries\ESP8266_and_ESP32_Oled_Driver_for_SSD1306_display</Filter>
    </ClInclude>
    <ClInclude Include="..\libraries\ESP8266_and_ESP32_Oled_Driver_for_SSD1306_display\src\SSD1306Spi.h">
      <Filter>src\_micro-api-readonly\libraries\ESP8266_and_ESP32_Oled_Driver_for_SSD1306_display</Filter>
    </ClInclude>
    <ClInclude Include="..\libraries\ESP8266_and_ESP32_Oled_Driver_for_SSD1306_display\src\SSD1306Wire.h">
      <Filter>src\_micro-api-readonly\libraries\ESP8266_and_ESP32_Oled_Driver_for_SSD1306_display</Filter>
    </ClInclude>
    <ClInclude Include="C:\Users\ys\AppData\Local\arduino15\packages\esp8266\hardware\esp8266\2.4.1\libraries\ESP8266WiFi\src\ESP8266WiFi.h">
      <Filter>src\_micro-api-readonly\libraries\ESP8266WiFi</Filter>
    </ClInclude>
    <ClInclude Include="C:\Users\ys\AppData\Local\arduino15\packages\esp8266\hardware\esp8266\2.4.1\libraries\ESP8266WiFi\src\ESP8266WiFiAP.h">
      <Filter>src\_micro-api-readonly\libraries\ESP8266WiFi</Filter>
    </ClInclude>
    <ClInclude Include="C:\Users\ys\AppData\Local\arduino15\packages\esp8266\hardware\esp8266\2.4.1\libraries\ESP8266WiFi\src\ESP8266WiFiGeneric.h">
      <Filter>src\_micro-api-readonly\libraries\ESP8266WiFi</Filter>
    </ClInclude>
    <ClInclude Include="C:\Users\ys\AppData\Local\arduino15\packages\esp8266\hardware\esp8266\2.4.1\libraries\ESP8266WiFi\src\ESP8266WiFiMulti.h">
      <Filter>src\_micro-api-readonly\libraries\ESP8266WiFi</Filter>
    </ClInclude>
    <ClInclude Include="C:\Users\ys\AppData\Local\arduino15\packages\esp8266\hardware\esp8266\2.4.1\libraries\ESP8266WiFi\src\ESP8266WiFiScan.h">
      <Filter>src\_micro-api-readonly\libraries\ESP8266WiFi</Filter>
    </ClInclude>
    <ClInclude Include="C:\Users\ys\AppData\Local\arduino15\packages\esp8266\hardware\esp8266\2.4.1\libraries\ESP8266WiFi\src\ESP8266WiFiSTA.h">
      <Filter>src\_micro-api-readonly\libraries\ESP8266WiFi</Filter>
    </ClInclude>
    <ClInclude Include="C:\Users\ys\AppData\Local\arduino15\packages\esp8266\hardware\esp8266\2.4.1\libraries\ESP8266WiFi\src\ESP8266WiFiType.h">
      <Filter>src\_micro-api-readonly\libraries\ESP8266WiFi</Filter>
    </ClInclude>
    <ClInclude Include="C:\Users\ys\AppData\Local\arduino15\packages\esp8266\hardware\esp8266\2.4.1\libraries\ESP8266WiFi\src\WiFiClient.h">
      <Filter>src\_micro-api-readonly\libraries\ESP8266WiFi</Filter>
    </ClInclude>
    <ClInclude Include="C:\Users\ys\AppData\Local\arduino15\packages\esp8266\hardware\esp8266\2.4.1\libraries\ESP8266WiFi\src\WiFiClientSecure.h">
      <Filter>src\_micro-api-readonly\libraries\ESP8266WiFi</Filter>
    </ClInclude>
    <ClInclude Include="C:\Users\ys\AppData\Local\arduino15\packages\esp8266\hardware\esp8266\2.4.1\libraries\ESP8266WiFi\src\WiFiServer.h">
      <Filter>src\_micro-api-readonly\libraries\ESP8266WiFi</Filter>
    </ClInclude>
    <ClInclude Include="C:\Users\ys\AppData\Local\arduino15\packages\esp8266\hardware\esp8266\2.4.1\libraries\ESP8266WiFi\src\WiFiServerSecure.h">
      <Filter>src\_micro-api-readonly\libraries\ESP8266WiFi</Filter>
    </ClInclude>
    <ClInclude Include="C:\Users\ys\AppData\Local\arduino15\packages\esp8266\hardware\esp8266\2.4.1\libraries\ESP8266WiFi\src\WiFiUdp.h">
      <Filter>src\_micro-api-readonly\libraries\ESP8266WiFi</Filter>
    </ClInclude>
    <ClInclude Include="C:\Users\ys\AppData\Local\arduino15\packages\esp8266\hardware\esp8266\2.4.1\libraries\ESP8266WiFi\src\include\ClientContext.h">
      <Filter>src\_micro-api-readonly\libraries\ESP8266WiFi</Filter>
    </ClInclude>
    <ClInclude Include="C:\Users\ys\AppData\Local\arduino15\packages\esp8266\hardware\esp8266\2.4.1\libraries\ESP8266WiFi\src\include\DataSource.h">
      <Filter>src\_micro-api-readonly\libraries\ESP8266WiFi</Filter>
    </ClInclude>
    <ClInclude Include="C:\Users\ys\AppData\Local\arduino15\packages\esp8266\hardware\esp8266\2.4.1\libraries\ESP8266WiFi\src\include\slist.h">
      <Filter>src\_micro-api-readonly\libraries\ESP8266WiFi</Filter>
    </ClInclude>
    <ClInclude Include="C:\Users\ys\AppData\Local\arduino15\packages\esp8266\hardware\esp8266\2.4.1\libraries\ESP8266WiFi\src\include\ssl.h">
      <Filter>src\_micro-api-readonly\libraries\ESP8266WiFi</Filter>
    </ClInclude>
    <ClInclude Include="C:\Users\ys\AppData\Local\arduino15\packages\esp8266\hardware\esp8266\2.4.1\libraries\ESP8266WiFi\src\include\UdpContext.h">
      <Filter>src\_micro-api-readonly\libraries\ESP8266WiFi</Filter>
    </ClInclude>
    <ClInclude Include="C:\Users\ys\AppData\Local\arduino15\packages\esp8266\hardware\esp8266\2.4.1\libraries\ESP8266WiFi\src\include\wl_definitions.h">
      <Filter>src\_micro-api-readonly\libraries\ESP8266WiFi</Filter>
    </ClInclude>
    <ClInclude Include="C:\Users\ys\AppData\Local\arduino15\packages\esp8266\hardware\esp8266\2.4.1\libraries\ESP8266mDNS\ESP8266mDNS.h">
      <Filter>src\_micro-api-readonly\libraries\ESP8266mDNS</Filter>
    </ClInclude>
    <ClInclude Include="C:\Users\ys\AppData\Local\arduino15\packages\esp8266\hardware\esp8266\2.4.1\libraries\ESP8266HTTPUpdateServer\src\ESP8266HTTPUpdateServer.h">
      <Filter>src\_micro-api-readonly\libraries\ESP8266HTTPUpdateServer</Filter>
    </ClInclude>
    <ClInclude Include="..\libraries\MD_DS3231\src\MD_DS3231.h">
      <Filter>src\_micro-api-readonly\libraries\MD_DS3231</Filter>
    </ClInclude>
    <ClInclude Include="RTCmemory.h">
      <Filter>Header Files</Filter>
    </ClInclude>
    <ClInclude Include="AT24C32.h">
      <Filter>Header Files</Filter>
    </ClInclude>
    <ClInclude Include="Log.h">
      <Filter>Header Files</Filter>
    </ClInclude>
    <ClInclude Include="Aggregates.h">
      <Filter>Header Files</Filter>
    </ClInclude>
    <ClInclude Include="Const.h">
      <Filter>Header Files</Filter>
    </ClInclude>
    <ClInclude Include="Workmodes.h">
      <Filter>Header Files</Filter>
    </ClInclude>
    <ClInclude Include="Distillation.h">
      <Filter>Header Files</Filter>
    </ClInclude>
    <ClInclude Include="DataSrc.h">
      <Filter>Header Files</Filter>
    </ClInclude>
    <ClInclude Include="C:\Users\ys\AppData\Local\arduino15\packages\esp8266\hardware\esp8266\2.4.1\libraries\ESP8266WebServer\src\ESP8266WebServer.h">
      <Filter>src\_micro-api-readonly\libraries\ESP8266WebServer</Filter>
    </ClInclude>
    <ClInclude Include="C:\Users\ys\AppData\Local\arduino15\packages\esp8266\hardware\esp8266\2.4.1\libraries\ESP8266WebServer\src\ESP8266WebServerSecure.h">
      <Filter>src\_micro-api-readonly\libraries\ESP8266WebServer</Filter>
    </ClInclude>
    <ClInclude Include="C:\Users\ys\AppData\Local\arduino15\packages\esp8266\hardware\esp8266\2.4.1\libraries\ESP8266WebServer\src\detail\mimetable.h">
      <Filter>src\_micro-api-readonly\libraries\ESP8266WebServer</Filter>
    </ClInclude>
    <ClInclude Include="C:\Users\ys\AppData\Local\arduino15\packages\esp8266\hardware\esp8266\2.4.1\libraries\ESP8266WebServer\src\detail\RequestHandler.h">
      <Filter>src\_micro-api-readonly\libraries\ESP8266WebServer</Filter>
    </ClInclude>
    <ClInclude Include="C:\Users\ys\AppData\Local\arduino15\packages\esp8266\hardware\esp8266\2.4.1\libraries\ESP8266WebServer\src\detail\RequestHandlersImpl.h">
      <Filter>src\_micro-api-readonly\libraries\ESP8266WebServer</Filter>
    </ClInclude>
    <ClInclude Include="..\libraries\ArduinoJson\ArduinoJson.h">
      <Filter>src\_micro-api-readonly\libraries\ArduinoJson</Filter>
    </ClInclude>
    <ClInclude Include="..\libraries\ArduinoJson\src\ArduinoJson.h">
      <Filter>src\_micro-api-readonly\libraries\ArduinoJson</Filter>
    </ClInclude>
    <ClInclude Include="..\libraries\ArduinoJson\src\ArduinoJson.hpp">
      <Filter>src\_micro-api-readonly\libraries\ArduinoJson</Filter>
    </ClInclude>
    <ClInclude Include="..\libraries\ArduinoJson\src\ArduinoJson\Configuration.hpp">
      <Filter>src\_micro-api-readonly\libraries\ArduinoJson</Filter>
    </ClInclude>
    <ClInclude Include="..\libraries\ArduinoJson\src\ArduinoJson\DynamicJsonBuffer.hpp">
      <Filter>src\_micro-api-readonly\libraries\ArduinoJson</Filter>
    </ClInclude>
    <ClInclude Include="..\libraries\ArduinoJson\src\ArduinoJson\JsonArray.hpp">
      <Filter>src\_micro-api-readonly\libraries\ArduinoJson</Filter>
    </ClInclude>
    <ClInclude Include="..\libraries\ArduinoJson\src\ArduinoJson\JsonArrayImpl.hpp">
      <Filter>src\_micro-api-readonly\libraries\ArduinoJson</Filter>
    </ClInclude>
    <ClInclude Include="..\libraries\ArduinoJson\src\ArduinoJson\JsonArraySubscript.hpp">
      <Filter>src\_micro-api-readonly\libraries\ArduinoJson</Filter>
    </ClInclude>
    <ClInclude Include="..\libraries\ArduinoJson\src\ArduinoJson\JsonBuffer.hpp">
      <Filter>src\_micro-api-readonly\libraries\ArduinoJson</Filter>
    </ClInclude>
    <ClInclude Include="..\libraries\ArduinoJson\src\ArduinoJson\JsonBufferBase.hpp">
      <Filter>src\_micro-api-readonly\libraries\ArduinoJson</Filter>
    </ClInclude>
    <ClInclude Include="..\libraries\ArduinoJson\src\ArduinoJson\JsonBufferImpl.hpp">
      <Filter>src\_micro-api-readonly\libraries\ArduinoJson</Filter>
    </ClInclude>
    <ClInclude Include="..\libraries\ArduinoJson\src\ArduinoJson\JsonObject.hpp">
      <Filter>src\_micro-api-readonly\libraries\ArduinoJson</Filter>
    </ClInclude>
    <ClInclude Include="..\libraries\ArduinoJson\src\ArduinoJson\JsonObjectImpl.hpp">
      <Filter>src\_micro-api-readonly\libraries\ArduinoJson</Filter>
    </ClInclude>
    <ClInclude Include="..\libraries\ArduinoJson\src\ArduinoJson\JsonObjectSubscript.hpp">
      <Filter>src\_micro-api-readonly\libraries\ArduinoJson</Filter>
    </ClInclude>
    <ClInclude Include="..\libraries\ArduinoJson\src\ArduinoJson\JsonPair.hpp">
      <Filter>src\_micro-api-readonly\libraries\ArduinoJson</Filter>
    </ClInclude>
    <ClInclude Include="..\libraries\ArduinoJson\src\ArduinoJson\JsonVariant.hpp">
      <Filter>src\_micro-api-readonly\libraries\ArduinoJson</Filter>
    </ClInclude>
    <ClInclude Include="..\libraries\ArduinoJson\src\ArduinoJson\JsonVariantBase.hpp">
      <Filter>src\_micro-api-readonly\libraries\ArduinoJson</Filter>
    </ClInclude>
    <ClInclude Include="..\libraries\ArduinoJson\src\ArduinoJson\JsonVariantCasts.hpp">
      <Filter>src\_micro-api-readonly\libraries\ArduinoJson</Filter>
    </ClInclude>
    <ClInclude Include="..\libraries\ArduinoJson\src\ArduinoJson\JsonVariantComparisons.hpp">
      <Filter>src\_micro-api-readonly\libraries\ArduinoJson</Filter>
    </ClInclude>
    <ClInclude Include="..\libraries\ArduinoJson\src\ArduinoJson\JsonVariantImpl.hpp">
      <Filter>src\_micro-api-readonly\libraries\ArduinoJson</Filter>
    </ClInclude>
    <ClInclude Include="..\libraries\ArduinoJson\src\ArduinoJson\JsonVariantOr.hpp">
      <Filter>src\_micro-api-readonly\libraries\ArduinoJson</Filter>
    </ClInclude>
    <ClInclude Include="..\libraries\ArduinoJson\src\ArduinoJson\JsonVariantSubscripts.hpp">
      <Filter>src\_micro-api-readonly\libraries\ArduinoJson</Filter>
    </ClInclude>
    <ClInclude Include="..\libraries\ArduinoJson\src\ArduinoJson\RawJson.hpp">
      <Filter>src\_micro-api-readonly\libraries\ArduinoJson</Filter>
    </ClInclude>
    <ClInclude Include="..\libraries\ArduinoJson\src\ArduinoJson\StaticJsonBuffer.hpp">
      <Filter>src\_micro-api-readonly\libraries\ArduinoJson</Filter>
    </ClInclude>
    <ClInclude Include="..\libraries\ArduinoJson\src\ArduinoJson\version.hpp">
      <Filter>src\_micro-api-readonly\libraries\ArduinoJson</Filter>
    </ClInclude>
    <ClInclude Include="..\libraries\ArduinoJson\src\ArduinoJson\Data\Encoding.hpp">
      <Filter>src\_micro-api-readonly\libraries\ArduinoJson</Filter>
    </ClInclude>
    <ClInclude Include="..\libraries\ArduinoJson\src\ArduinoJson\Data\JsonBufferAllocated.hpp">
      <Filter>src\_micro-api-readonly\libraries\ArduinoJson</Filter>
    </ClInclude>
    <ClInclude Include="..\libraries\ArduinoJson\src\ArduinoJson\Data\JsonFloat.hpp">
      <Filter>src\_micro-api-readonly\libraries\ArduinoJson</Filter>
    </ClInclude>
    <ClInclude Include="..\libraries\ArduinoJson\src\ArduinoJson\Data\JsonInteger.hpp">
      <Filter>src\_micro-api-readonly\libraries\ArduinoJson</Filter>
    </ClInclude>
    <ClInclude Include="..\libraries\ArduinoJson\src\ArduinoJson\Data\JsonVariantAs.hpp">
      <Filter>src\_micro-api-readonly\libraries\ArduinoJson</Filter>
    </ClInclude>
    <ClInclude Include="..\libraries\ArduinoJson\src\ArduinoJson\Data\JsonVariantContent.hpp">
      <Filter>src\_micro-api-readonly\libraries\ArduinoJson</Filter>
    </ClInclude>
    <ClInclude Include="..\libraries\ArduinoJson\src\ArduinoJson\Data\JsonVariantDefault.hpp">
      <Filter>src\_micro-api-readonly\libraries\ArduinoJson</Filter>
    </ClInclude>
    <ClInclude Include="..\libraries\ArduinoJson\src\ArduinoJson\Data\JsonVariantType.hpp">
      <Filter>src\_micro-api-readonly\libraries\ArduinoJson</Filter>
    </ClInclude>
    <ClInclude Include="..\libraries\ArduinoJson\src\ArduinoJson\Data\List.hpp">
      <Filter>src\_micro-api-readonly\libraries\ArduinoJson</Filter>
    </ClInclude>
    <ClInclude Include="..\libraries\ArduinoJson\src\ArduinoJson\Data\ListConstIterator.hpp">
      <Filter>src\_micro-api-readonly\libraries\ArduinoJson</Filter>
    </ClInclude>
    <ClInclude Include="..\libraries\ArduinoJson\src\ArduinoJson\Data\ListIterator.hpp">
      <Filter>src\_micro-api-readonly\libraries\ArduinoJson</Filter>
    </ClInclude>
    <ClInclude Include="..\libraries\ArduinoJson\src\ArduinoJson\Data\ListNode.hpp">
      <Filter>src\_micro-api-readonly\libraries\ArduinoJson</Filter>
    </ClInclude>
    <ClInclude Include="..\libraries\ArduinoJson\src\ArduinoJson\Data\NonCopyable.hpp">
      <Filter>src\_micro-api-readonly\libraries\ArduinoJson</Filter>
    </ClInclude>
    <ClInclude Include="..\libraries\ArduinoJson\src\ArduinoJson\Data\ReferenceType.hpp">
      <Filter>src\_micro-api-readonly\libraries\ArduinoJson</Filter>
    </ClInclude>
    <ClInclude Include="..\libraries\ArduinoJson\src\ArduinoJson\Data\ValueSaver.hpp">
      <Filter>src\_micro-api-readonly\libraries\ArduinoJson</Filter>
    </ClInclude>
    <ClInclude Include="..\libraries\ArduinoJson\src\ArduinoJson\Deserialization\Comments.hpp">
      <Filter>src\_micro-api-readonly\libraries\ArduinoJson</Filter>
    </ClInclude>
    <ClInclude Include="..\libraries\ArduinoJson\src\ArduinoJson\Deserialization\JsonParser.hpp">
      <Filter>src\_micro-api-readonly\libraries\ArduinoJson</Filter>
    </ClInclude>
    <ClInclude Include="..\libraries\ArduinoJson\src\ArduinoJson\Deserialization\JsonParserImpl.hpp">
      <Filter>src\_micro-api-readonly\libraries\ArduinoJson</Filter>
    </ClInclude>
    <ClInclude Include="..\libraries\ArduinoJson\src\ArduinoJson\Deserialization\StringWriter.hpp">
      <Filter>src\_micro-api-readonly\libraries\ArduinoJson</Filter>
    </ClInclude>
    <ClInclude Include="..\libraries\ArduinoJson\src\ArduinoJson\Polyfills\attributes.hpp">
      <Filter>src\_micro-api-readonly\libraries\ArduinoJson</Filter>
    </ClInclude>
    <ClInclude Include="..\libraries\ArduinoJson\src\ArduinoJson\Polyfills\ctype.hpp">
      <Filter>src\_micro-api-readonly\libraries\ArduinoJson</Filter>
    </ClInclude>
    <ClInclude Include="..\libraries\ArduinoJson\src\ArduinoJson\Polyfills\isFloat.hpp">
      <Filter>src\_micro-api-readonly\libraries\ArduinoJson</Filter>
    </ClInclude>
    <ClInclude Include="..\libraries\ArduinoJson\src\ArduinoJson\Polyfills\isInteger.hpp">
      <Filter>src\_micro-api-readonly\libraries\ArduinoJson</Filter>
    </ClInclude>
    <ClInclude Include="..\libraries\ArduinoJson\src\ArduinoJson\Polyfills\math.hpp">
      <Filter>src\_micro-api-readonly\libraries\ArduinoJson</Filter>
    </ClInclude>
    <ClInclude Include="..\libraries\ArduinoJson\src\ArduinoJson\Polyfills\parseFloat.hpp">
      <Filter>src\_micro-api-readonly\libraries\ArduinoJson</Filter>
    </ClInclude>
    <ClInclude Include="..\libraries\ArduinoJson\src\ArduinoJson\Polyfills\parseInteger.hpp">
      <Filter>src\_micro-api-readonly\libraries\ArduinoJson</Filter>
    </ClInclude>
    <ClInclude Include="..\libraries\ArduinoJson\src\ArduinoJson\Serialization\DummyPrint.hpp">
      <Filter>src\_micro-api-readonly\libraries\ArduinoJson</Filter>
    </ClInclude>
    <ClInclude Include="..\libraries\ArduinoJson\src\ArduinoJson\Serialization\DynamicStringBuilder.hpp">
      <Filter>src\_micro-api-readonly\libraries\ArduinoJson</Filter>
    </ClInclude>
    <ClInclude Include="..\libraries\ArduinoJson\src\ArduinoJson\Serialization\FloatParts.hpp">
      <Filter>src\_micro-api-readonly\libraries\ArduinoJson</Filter>
    </ClInclude>
    <ClInclude Include="..\libraries\ArduinoJson\src\ArduinoJson\Serialization\IndentedPrint.hpp">
      <Filter>src\_micro-api-readonly\libraries\ArduinoJson</Filter>
    </ClInclude>
    <ClInclude Include="..\libraries\ArduinoJson\src\ArduinoJson\Serialization\JsonPrintable.hpp">
      <Filter>src\_micro-api-readonly\libraries\ArduinoJson</Filter>
    </ClInclude>
    <ClInclude Include="..\libraries\ArduinoJson\src\ArduinoJson\Serialization\JsonSerializer.hpp">
      <Filter>src\_micro-api-readonly\libraries\ArduinoJson</Filter>
    </ClInclude>
    <ClInclude Include="..\libraries\ArduinoJson\src\ArduinoJson\Serialization\JsonSerializerImpl.hpp">
      <Filter>src\_micro-api-readonly\libraries\ArduinoJson</Filter>
    </ClInclude>
    <ClInclude Include="..\libraries\ArduinoJson\src\ArduinoJson\Serialization\JsonWriter.hpp">
      <Filter>src\_micro-api-readonly\libraries\ArduinoJson</Filter>
    </ClInclude>
    <ClInclude Include="..\libraries\ArduinoJson\src\ArduinoJson\Serialization\Prettyfier.hpp">
      <Filter>src\_micro-api-readonly\libraries\ArduinoJson</Filter>
    </ClInclude>
    <ClInclude Include="..\libraries\ArduinoJson\src\ArduinoJson\Serialization\StaticStringBuilder.hpp">
      <Filter>src\_micro-api-readonly\libraries\ArduinoJson</Filter>
    </ClInclude>
    <ClInclude Include="..\libraries\ArduinoJson\src\ArduinoJson\Serialization\StreamPrintAdapter.hpp">
      <Filter>src\_micro-api-readonly\libraries\ArduinoJson</Filter>
    </ClInclude>
    <ClInclude Include="..\libraries\ArduinoJson\src\ArduinoJson\StringTraits\ArduinoStream.hpp">
      <Filter>src\_micro-api-readonly\libraries\ArduinoJson</Filter>
    </ClInclude>
    <ClInclude Include="..\libraries\ArduinoJson\src\ArduinoJson\StringTraits\CharPointer.hpp">
      <Filter>src\_micro-api-readonly\libraries\ArduinoJson</Filter>
    </ClInclude>
    <ClInclude Include="..\libraries\ArduinoJson\src\ArduinoJson\StringTraits\FlashString.hpp">
      <Filter>src\_micro-api-readonly\libraries\ArduinoJson</Filter>
    </ClInclude>
    <ClInclude Include="..\libraries\ArduinoJson\src\ArduinoJson\StringTraits\StdStream.hpp">
      <Filter>src\_micro-api-readonly\libraries\ArduinoJson</Filter>
    </ClInclude>
    <ClInclude Include="..\libraries\ArduinoJson\src\ArduinoJson\StringTraits\StdString.hpp">
      <Filter>src\_micro-api-readonly\libraries\ArduinoJson</Filter>
    </ClInclude>
    <ClInclude Include="..\libraries\ArduinoJson\src\ArduinoJson\StringTraits\StringTraits.hpp">
      <Filter>src\_micro-api-readonly\libraries\ArduinoJson</Filter>
    </ClInclude>
    <ClInclude Include="..\libraries\ArduinoJson\src\ArduinoJson\TypeTraits\EnableIf.hpp">
      <Filter>src\_micro-api-readonly\libraries\ArduinoJson</Filter>
    </ClInclude>
    <ClInclude Include="..\libraries\ArduinoJson\src\ArduinoJson\TypeTraits\FloatTraits.hpp">
      <Filter>src\_micro-api-readonly\libraries\ArduinoJson</Filter>
    </ClInclude>
    <ClInclude Include="..\libraries\ArduinoJson\src\ArduinoJson\TypeTraits\IsArray.hpp">
      <Filter>src\_micro-api-readonly\libraries\ArduinoJson</Filter>
    </ClInclude>
    <ClInclude Include="..\libraries\ArduinoJson\src\ArduinoJson\TypeTraits\IsBaseOf.hpp">
      <Filter>src\_micro-api-readonly\libraries\ArduinoJson</Filter>
    </ClInclude>
    <ClInclude Include="..\libraries\ArduinoJson\src\ArduinoJson\TypeTraits\IsChar.hpp">
      <Filter>src\_micro-api-readonly\libraries\ArduinoJson</Filter>
    </ClInclude>
    <ClInclude Include="..\libraries\ArduinoJson\src\ArduinoJson\TypeTraits\IsConst.hpp">
      <Filter>src\_micro-api-readonly\libraries\ArduinoJson</Filter>
    </ClInclude>
    <ClInclude Include="..\libraries\ArduinoJson\src\ArduinoJson\TypeTraits\IsFloatingPoint.hpp">
      <Filter>src\_micro-api-readonly\libraries\ArduinoJson</Filter>
    </ClInclude>
    <ClInclude Include="..\libraries\ArduinoJson\src\ArduinoJson\TypeTraits\IsIntegral.hpp">
      <Filter>src\_micro-api-readonly\libraries\ArduinoJson</Filter>
    </ClInclude>
    <ClInclude Include="..\libraries\ArduinoJson\src\ArduinoJson\TypeTraits\IsSame.hpp">
      <Filter>src\_micro-api-readonly\libraries\ArduinoJson</Filter>
    </ClInclude>
    <ClInclude Include="..\libraries\ArduinoJson\src\ArduinoJson\TypeTraits\IsSignedIntegral.hpp">
      <Filter>src\_micro-api-readonly\libraries\ArduinoJson</Filter>
    </ClInclude>
    <ClInclude Include="..\libraries\ArduinoJson\src\ArduinoJson\TypeTraits\IsUnsignedIntegral.hpp">
      <Filter>src\_micro-api-readonly\libraries\ArduinoJson</Filter>
    </ClInclude>
    <ClInclude Include="..\libraries\ArduinoJson\src\ArduinoJson\TypeTraits\IsVariant.hpp">
      <Filter>src\_micro-api-readonly\libraries\ArduinoJson</Filter>
    </ClInclude>
    <ClInclude Include="..\libraries\ArduinoJson\src\ArduinoJson\TypeTraits\RemoveConst.hpp">
      <Filter>src\_micro-api-readonly\libraries\ArduinoJson</Filter>
    </ClInclude>
    <ClInclude Include="..\libraries\ArduinoJson\src\ArduinoJson\TypeTraits\RemoveReference.hpp">
      <Filter>src\_micro-api-readonly\libraries\ArduinoJson</Filter>
    </ClInclude>
    <ClInclude Include="..\libraries\ArduinoJson\third-party\catch\catch.hpp">
      <Filter>src\_micro-api-readonly\libraries\ArduinoJson</Filter>
    </ClInclude>
    <ClInclude Include="ESP8266WepSpiffsUpdater.h">
      <Filter>Header Files</Filter>
    </ClInclude>
    <ClInclude Include="WaterSensor.h">
      <Filter>Header Files</Filter>
    </ClInclude>
    <ClInclude Include="Rectify.h">
      <Filter>Header Files</Filter>
    </ClInclude>
    <ClInclude Include="Multiplexor.h">
      <Filter>Header Files</Filter>
    </ClInclude>
    <ClInclude Include="Pump.h">
      <Filter>Header Files</Filter>
    </ClInclude>
    <ClInclude Include="Manual.h">
      <Filter>Header Files</Filter>
    </ClInclude>
    <ClInclude Include="Brewing.h">
      <Filter>Header Files</Filter>
    </ClInclude>
  </ItemGroup>
  <ItemGroup>
    <ClCompile Include="DallasTerm.cpp">
      <Filter>Source Files</Filter>
    </ClCompile>
    <ClCompile Include="Heater.cpp">
      <Filter>Source Files</Filter>
    </ClCompile>
    <ClCompile Include="Kran.cpp">
      <Filter>Source Files</Filter>
    </ClCompile>
    <ClCompile Include="Httphelper.cpp">
      <Filter>Source Files</Filter>
    </ClCompile>
    <ClCompile Include="Config.cpp">
      <Filter>Source Files</Filter>
    </ClCompile>
    <ClCompile Include="Suvid.cpp">
      <Filter>Source Files</Filter>
    </ClCompile>
    <ClCompile Include="Mode.cpp">
      <Filter>Source Files</Filter>
    </ClCompile>
    <ClCompile Include="Display.cpp">
      <Filter>Source Files</Filter>
    </ClCompile>
    <ClCompile Include="Beeper.cpp">
      <Filter>Source Files</Filter>
    </ClCompile>
    <ClCompile Include="Encoder.cpp">
      <Filter>Source Files</Filter>
    </ClCompile>
    <ClCompile Include="Main.cpp">
      <Filter>Source Files</Filter>
    </ClCompile>
    <ClCompile Include="Hardware.cpp">
      <Filter>Source Files</Filter>
    </ClCompile>
    <ClCompile Include="Extender.cpp">
      <Filter>Source Files</Filter>
    </ClCompile>
    <ClCompile Include="Cooler.cpp">
      <Filter>Source Files</Filter>
    </ClCompile>
    <ClCompile Include="Menu.cpp">
      <Filter>Source Files</Filter>
    </ClCompile>
    <ClCompile Include="MenuItem.cpp">
      <Filter>Source Files</Filter>
    </ClCompile>
    <ClCompile Include="C:\Users\ys\AppData\Local\arduino15\packages\esp8266\hardware\esp8266\2.4.1\cores\esp8266\abi.cpp">
      <Filter>src\_micro-api-readonly\core</Filter>
    </ClCompile>
    <ClCompile Include="C:\Users\ys\AppData\Local\arduino15\packages\esp8266\hardware\esp8266\2.4.1\cores\esp8266\base64.cpp">
      <Filter>src\_micro-api-readonly\core</Filter>
    </ClCompile>
    <ClCompile Include="C:\Users\ys\AppData\Local\arduino15\packages\esp8266\hardware\esp8266\2.4.1\cores\esp8266\cbuf.cpp">
      <Filter>src\_micro-api-readonly\core</Filter>
    </ClCompile>
    <ClCompile Include="C:\Users\ys\AppData\Local\arduino15\packages\esp8266\hardware\esp8266\2.4.1\cores\esp8266\core_esp8266_main.cpp">
      <Filter>src\_micro-api-readonly\core</Filter>
    </ClCompile>
    <ClCompile Include="C:\Users\ys\AppData\Local\arduino15\packages\esp8266\hardware\esp8266\2.4.1\cores\esp8266\debug.cpp">
      <Filter>src\_micro-api-readonly\core</Filter>
    </ClCompile>
    <ClCompile Include="C:\Users\ys\AppData\Local\arduino15\packages\esp8266\hardware\esp8266\2.4.1\cores\esp8266\Esp-version.cpp">
      <Filter>src\_micro-api-readonly\core</Filter>
    </ClCompile>
    <ClCompile Include="C:\Users\ys\AppData\Local\arduino15\packages\esp8266\hardware\esp8266\2.4.1\cores\esp8266\Esp.cpp">
      <Filter>src\_micro-api-readonly\core</Filter>
    </ClCompile>
    <ClCompile Include="C:\Users\ys\AppData\Local\arduino15\packages\esp8266\hardware\esp8266\2.4.1\cores\esp8266\FS.cpp">
      <Filter>src\_micro-api-readonly\core</Filter>
    </ClCompile>
    <ClCompile Include="C:\Users\ys\AppData\Local\arduino15\packages\esp8266\hardware\esp8266\2.4.1\cores\esp8266\FunctionalInterrupt.cpp">
      <Filter>src\_micro-api-readonly\core</Filter>
    </ClCompile>
    <ClCompile Include="C:\Users\ys\AppData\Local\arduino15\packages\esp8266\hardware\esp8266\2.4.1\cores\esp8266\HardwareSerial.cpp">
      <Filter>src\_micro-api-readonly\core</Filter>
    </ClCompile>
    <ClCompile Include="C:\Users\ys\AppData\Local\arduino15\packages\esp8266\hardware\esp8266\2.4.1\cores\esp8266\IPAddress.cpp">
      <Filter>src\_micro-api-readonly\core</Filter>
    </ClCompile>
    <ClCompile Include="C:\Users\ys\AppData\Local\arduino15\packages\esp8266\hardware\esp8266\2.4.1\cores\esp8266\MD5Builder.cpp">
      <Filter>src\_micro-api-readonly\core</Filter>
    </ClCompile>
    <ClCompile Include="C:\Users\ys\AppData\Local\arduino15\packages\esp8266\hardware\esp8266\2.4.1\cores\esp8266\pgmspace.cpp">
      <Filter>src\_micro-api-readonly\core</Filter>
    </ClCompile>
    <ClCompile Include="C:\Users\ys\AppData\Local\arduino15\packages\esp8266\hardware\esp8266\2.4.1\cores\esp8266\Print.cpp">
      <Filter>src\_micro-api-readonly\core</Filter>
    </ClCompile>
    <ClCompile Include="C:\Users\ys\AppData\Local\arduino15\packages\esp8266\hardware\esp8266\2.4.1\cores\esp8266\Schedule.cpp">
      <Filter>src\_micro-api-readonly\core</Filter>
    </ClCompile>
    <ClCompile Include="C:\Users\ys\AppData\Local\arduino15\packages\esp8266\hardware\esp8266\2.4.1\cores\esp8266\spiffs_api.cpp">
      <Filter>src\_micro-api-readonly\core</Filter>
    </ClCompile>
    <ClCompile Include="C:\Users\ys\AppData\Local\arduino15\packages\esp8266\hardware\esp8266\2.4.1\cores\esp8266\spiffs_hal.cpp">
      <Filter>src\_micro-api-readonly\core</Filter>
    </ClCompile>
    <ClCompile Include="C:\Users\ys\AppData\Local\arduino15\packages\esp8266\hardware\esp8266\2.4.1\cores\esp8266\Stream.cpp">
      <Filter>src\_micro-api-readonly\core</Filter>
    </ClCompile>
    <ClCompile Include="C:\Users\ys\AppData\Local\arduino15\packages\esp8266\hardware\esp8266\2.4.1\cores\esp8266\StreamString.cpp">
      <Filter>src\_micro-api-readonly\core</Filter>
    </ClCompile>
    <ClCompile Include="C:\Users\ys\AppData\Local\arduino15\packages\esp8266\hardware\esp8266\2.4.1\cores\esp8266\Tone.cpp">
      <Filter>src\_micro-api-readonly\core</Filter>
    </ClCompile>
    <ClCompile Include="C:\Users\ys\AppData\Local\arduino15\packages\esp8266\hardware\esp8266\2.4.1\cores\esp8266\Updater.cpp">
      <Filter>src\_micro-api-readonly\core</Filter>
    </ClCompile>
    <ClCompile Include="C:\Users\ys\AppData\Local\arduino15\packages\esp8266\hardware\esp8266\2.4.1\cores\esp8266\WMath.cpp">
      <Filter>src\_micro-api-readonly\core</Filter>
    </ClCompile>
    <ClCompile Include="C:\Users\ys\AppData\Local\arduino15\packages\esp8266\hardware\esp8266\2.4.1\cores\esp8266\WString.cpp">
      <Filter>src\_micro-api-readonly\core</Filter>
    </ClCompile>
    <ClCompile Include="..\libraries\DS1302\DS1302.cpp">
      <Filter>src\_micro-api-readonly\libraries\DS1302</Filter>
    </ClCompile>
    <ClCompile Include="..\libraries\OneWire\OneWire.cpp">
      <Filter>src\_micro-api-readonly\libraries\OneWire</Filter>
    </ClCompile>
    <ClCompile Include="C:\Users\ys\AppData\Local\arduino15\packages\esp8266\hardware\esp8266\2.4.1\libraries\Wire\Wire.cpp">
      <Filter>src\_micro-api-readonly\libraries\Wire</Filter>
    </ClCompile>
    <ClCompile Include="..\libraries\ESP8266_and_ESP32_Oled_Driver_for_SSD1306_display\src\OLEDDisplay.cpp">
      <Filter>src\_micro-api-readonly\libraries\ESP8266_and_ESP32_Oled_Driver_for_SSD1306_display</Filter>
    </ClCompile>
    <ClCompile Include="..\libraries\ESP8266_and_ESP32_Oled_Driver_for_SSD1306_display\src\OLEDDisplayUi.cpp">
      <Filter>src\_micro-api-readonly\libraries\ESP8266_and_ESP32_Oled_Driver_for_SSD1306_display</Filter>
    </ClCompile>
    <ClCompile Include="C:\Users\ys\AppData\Local\arduino15\packages\esp8266\hardware\esp8266\2.4.1\libraries\ESP8266WiFi\src\ESP8266WiFi.cpp">
      <Filter>src\_micro-api-readonly\libraries\ESP8266WiFi</Filter>
    </ClCompile>
    <ClCompile Include="C:\Users\ys\AppData\Local\arduino15\packages\esp8266\hardware\esp8266\2.4.1\libraries\ESP8266WiFi\src\ESP8266WiFiAP.cpp">
      <Filter>src\_micro-api-readonly\libraries\ESP8266WiFi</Filter>
    </ClCompile>
    <ClCompile Include="C:\Users\ys\AppData\Local\arduino15\packages\esp8266\hardware\esp8266\2.4.1\libraries\ESP8266WiFi\src\ESP8266WiFiGeneric.cpp">
      <Filter>src\_micro-api-readonly\libraries\ESP8266WiFi</Filter>
    </ClCompile>
    <ClCompile Include="C:\Users\ys\AppData\Local\arduino15\packages\esp8266\hardware\esp8266\2.4.1\libraries\ESP8266WiFi\src\ESP8266WiFiMulti.cpp">
      <Filter>src\_micro-api-readonly\libraries\ESP8266WiFi</Filter>
    </ClCompile>
    <ClCompile Include="C:\Users\ys\AppData\Local\arduino15\packages\esp8266\hardware\esp8266\2.4.1\libraries\ESP8266WiFi\src\ESP8266WiFiScan.cpp">
      <Filter>src\_micro-api-readonly\libraries\ESP8266WiFi</Filter>
    </ClCompile>
    <ClCompile Include="C:\Users\ys\AppData\Local\arduino15\packages\esp8266\hardware\esp8266\2.4.1\libraries\ESP8266WiFi\src\ESP8266WiFiSTA.cpp">
      <Filter>src\_micro-api-readonly\libraries\ESP8266WiFi</Filter>
    </ClCompile>
    <ClCompile Include="C:\Users\ys\AppData\Local\arduino15\packages\esp8266\hardware\esp8266\2.4.1\libraries\ESP8266WiFi\src\WiFiClient.cpp">
      <Filter>src\_micro-api-readonly\libraries\ESP8266WiFi</Filter>
    </ClCompile>
    <ClCompile Include="C:\Users\ys\AppData\Local\arduino15\packages\esp8266\hardware\esp8266\2.4.1\libraries\ESP8266WiFi\src\WiFiClientSecure.cpp">
      <Filter>src\_micro-api-readonly\libraries\ESP8266WiFi</Filter>
    </ClCompile>
    <ClCompile Include="C:\Users\ys\AppData\Local\arduino15\packages\esp8266\hardware\esp8266\2.4.1\libraries\ESP8266WiFi\src\WiFiServer.cpp">
      <Filter>src\_micro-api-readonly\libraries\ESP8266WiFi</Filter>
    </ClCompile>
    <ClCompile Include="C:\Users\ys\AppData\Local\arduino15\packages\esp8266\hardware\esp8266\2.4.1\libraries\ESP8266WiFi\src\WiFiServerSecure.cpp">
      <Filter>src\_micro-api-readonly\libraries\ESP8266WiFi</Filter>
    </ClCompile>
    <ClCompile Include="C:\Users\ys\AppData\Local\arduino15\packages\esp8266\hardware\esp8266\2.4.1\libraries\ESP8266WiFi\src\WiFiUdp.cpp">
      <Filter>src\_micro-api-readonly\libraries\ESP8266WiFi</Filter>
    </ClCompile>
    <ClCompile Include="C:\Users\ys\AppData\Local\arduino15\packages\esp8266\hardware\esp8266\2.4.1\libraries\ESP8266mDNS\ESP8266mDNS.cpp">
      <Filter>src\_micro-api-readonly\libraries\ESP8266mDNS</Filter>
    </ClCompile>
    <ClCompile Include="C:\Users\ys\AppData\Local\arduino15\packages\esp8266\hardware\esp8266\2.4.1\libraries\ESP8266HTTPUpdateServer\src\ESP8266HTTPUpdateServer.cpp">
      <Filter>src\_micro-api-readonly\libraries\ESP8266HTTPUpdateServer</Filter>
    </ClCompile>
    <ClCompile Include="..\libraries\MD_DS3231\src\MD_DS3231.cpp">
      <Filter>src\_micro-api-readonly\libraries\MD_DS3231</Filter>
    </ClCompile>
    <ClCompile Include="RTCmemory.cpp">
      <Filter>Source Files</Filter>
    </ClCompile>
    <ClCompile Include="AT24C32.cpp">
      <Filter>Source Files</Filter>
    </ClCompile>
    <ClCompile Include="Log.cpp">
      <Filter>Source Files</Filter>
    </ClCompile>
    <ClCompile Include="Aggregates.cpp">
      <Filter>Source Files</Filter>
    </ClCompile>
    <ClCompile Include="Const.cpp">
      <Filter>Source Files</Filter>
    </ClCompile>
    <ClCompile Include="Workmodes.cpp">
      <Filter>Source Files</Filter>
    </ClCompile>
    <ClCompile Include="Distillation.cpp">
      <Filter>Source Files</Filter>
    </ClCompile>
    <ClCompile Include="DataSrc.cpp">
      <Filter>Source Files</Filter>
    </ClCompile>
    <ClCompile Include="C:\Users\ys\AppData\Local\arduino15\packages\esp8266\hardware\esp8266\2.4.1\libraries\ESP8266WebServer\src\ESP8266WebServer.cpp">
      <Filter>src\_micro-api-readonly\libraries\ESP8266WebServer</Filter>
    </ClCompile>
    <ClCompile Include="C:\Users\ys\AppData\Local\arduino15\packages\esp8266\hardware\esp8266\2.4.1\libraries\ESP8266WebServer\src\ESP8266WebServerSecure.cpp">
      <Filter>src\_micro-api-readonly\libraries\ESP8266WebServer</Filter>
    </ClCompile>
    <ClCompile Include="C:\Users\ys\AppData\Local\arduino15\packages\esp8266\hardware\esp8266\2.4.1\libraries\ESP8266WebServer\src\Parsing.cpp">
      <Filter>src\_micro-api-readonly\libraries\ESP8266WebServer</Filter>
    </ClCompile>
    <ClCompile Include="C:\Users\ys\AppData\Local\arduino15\packages\esp8266\hardware\esp8266\2.4.1\libraries\ESP8266WebServer\src\detail\mimetable.cpp">
      <Filter>src\_micro-api-readonly\libraries\ESP8266WebServer</Filter>
    </ClCompile>
    <ClCompile Include="..\libraries\ArduinoJson\fuzzing\fuzzer.cpp">
      <Filter>src\_micro-api-readonly\libraries\ArduinoJson</Filter>
    </ClCompile>
    <ClCompile Include="..\libraries\ArduinoJson\test\DynamicJsonBuffer\alloc.cpp">
      <Filter>src\_micro-api-readonly\libraries\ArduinoJson</Filter>
    </ClCompile>
    <ClCompile Include="..\libraries\ArduinoJson\test\DynamicJsonBuffer\createArray.cpp">
      <Filter>src\_micro-api-readonly\libraries\ArduinoJson</Filter>
    </ClCompile>
    <ClCompile Include="..\libraries\ArduinoJson\test\DynamicJsonBuffer\createObject.cpp">
      <Filter>src\_micro-api-readonly\libraries\ArduinoJson</Filter>
    </ClCompile>
    <ClCompile Include="..\libraries\ArduinoJson\test\DynamicJsonBuffer\no_memory.cpp">
      <Filter>src\_micro-api-readonly\libraries\ArduinoJson</Filter>
    </ClCompile>
    <ClCompile Include="..\libraries\ArduinoJson\test\DynamicJsonBuffer\size.cpp">
      <Filter>src\_micro-api-readonly\libraries\ArduinoJson</Filter>
    </ClCompile>
    <ClCompile Include="..\libraries\ArduinoJson\test\DynamicJsonBuffer\startString.cpp">
      <Filter>src\_micro-api-readonly\libraries\ArduinoJson</Filter>
    </ClCompile>
    <ClCompile Include="..\libraries\ArduinoJson\test\IntegrationTests\gbathree.cpp">
      <Filter>src\_micro-api-readonly\libraries\ArduinoJson</Filter>
    </ClCompile>
    <ClCompile Include="..\libraries\ArduinoJson\test\IntegrationTests\round_trip.cpp">
      <Filter>src\_micro-api-readonly\libraries\ArduinoJson</Filter>
    </ClCompile>
    <ClCompile Include="..\libraries\ArduinoJson\test\JsonArray\add.cpp">
      <Filter>src\_micro-api-readonly\libraries\ArduinoJson</Filter>
    </ClCompile>
    <ClCompile Include="..\libraries\ArduinoJson\test\JsonArray\basics.cpp">
      <Filter>src\_micro-api-readonly\libraries\ArduinoJson</Filter>
    </ClCompile>
    <ClCompile Include="..\libraries\ArduinoJson\test\JsonArray\copyFrom.cpp">
      <Filter>src\_micro-api-readonly\libraries\ArduinoJson</Filter>
    </ClCompile>
    <ClCompile Include="..\libraries\ArduinoJson\test\JsonArray\copyTo.cpp">
      <Filter>src\_micro-api-readonly\libraries\ArduinoJson</Filter>
    </ClCompile>
    <ClCompile Include="..\libraries\ArduinoJson\test\JsonArray\invalid.cpp">
      <Filter>src\_micro-api-readonly\libraries\ArduinoJson</Filter>
    </ClCompile>
    <ClCompile Include="..\libraries\ArduinoJson\test\JsonArray\iterator.cpp">
      <Filter>src\_micro-api-readonly\libraries\ArduinoJson</Filter>
    </ClCompile>
    <ClCompile Include="..\libraries\ArduinoJson\test\JsonArray\prettyPrintTo.cpp">
      <Filter>src\_micro-api-readonly\libraries\ArduinoJson</Filter>
    </ClCompile>
    <ClCompile Include="..\libraries\ArduinoJson\test\JsonArray\printTo.cpp">
      <Filter>src\_micro-api-readonly\libraries\ArduinoJson</Filter>
    </ClCompile>
    <ClCompile Include="..\libraries\ArduinoJson\test\JsonArray\remove.cpp">
      <Filter>src\_micro-api-readonly\libraries\ArduinoJson</Filter>
    </ClCompile>
    <ClCompile Include="..\libraries\ArduinoJson\test\JsonArray\set.cpp">
      <Filter>src\_micro-api-readonly\libraries\ArduinoJson</Filter>
    </ClCompile>
    <ClCompile Include="..\libraries\ArduinoJson\test\JsonArray\size.cpp">
      <Filter>src\_micro-api-readonly\libraries\ArduinoJson</Filter>
    </ClCompile>
    <ClCompile Include="..\libraries\ArduinoJson\test\JsonArray\subscript.cpp">
      <Filter>src\_micro-api-readonly\libraries\ArduinoJson</Filter>
    </ClCompile>
    <ClCompile Include="..\libraries\ArduinoJson\test\JsonBuffer\nested.cpp">
      <Filter>src\_micro-api-readonly\libraries\ArduinoJson</Filter>
    </ClCompile>
    <ClCompile Include="..\libraries\ArduinoJson\test\JsonBuffer\nestingLimit.cpp">
      <Filter>src\_micro-api-readonly\libraries\ArduinoJson</Filter>
    </ClCompile>
    <ClCompile Include="..\libraries\ArduinoJson\test\JsonBuffer\parse.cpp">
      <Filter>src\_micro-api-readonly\libraries\ArduinoJson</Filter>
    </ClCompile>
    <ClCompile Include="..\libraries\ArduinoJson\test\JsonBuffer\parseArray.cpp">
      <Filter>src\_micro-api-readonly\libraries\ArduinoJson</Filter>
    </ClCompile>
    <ClCompile Include="..\libraries\ArduinoJson\test\JsonBuffer\parseObject.cpp">
      <Filter>src\_micro-api-readonly\libraries\ArduinoJson</Filter>
    </ClCompile>
    <ClCompile Include="..\libraries\ArduinoJson\test\JsonObject\basics.cpp">
      <Filter>src\_micro-api-readonly\libraries\ArduinoJson</Filter>
    </ClCompile>
    <ClCompile Include="..\libraries\ArduinoJson\test\JsonObject\containsKey.cpp">
      <Filter>src\_micro-api-readonly\libraries\ArduinoJson</Filter>
    </ClCompile>
    <ClCompile Include="..\libraries\ArduinoJson\test\JsonObject\get.cpp">
      <Filter>src\_micro-api-readonly\libraries\ArduinoJson</Filter>
    </ClCompile>
    <ClCompile Include="..\libraries\ArduinoJson\test\JsonObject\invalid.cpp">
      <Filter>src\_micro-api-readonly\libraries\ArduinoJson</Filter>
    </ClCompile>
    <ClCompile Include="..\libraries\ArduinoJson\test\JsonObject\iterator.cpp">
      <Filter>src\_micro-api-readonly\libraries\ArduinoJson</Filter>
    </ClCompile>
    <ClCompile Include="..\libraries\ArduinoJson\test\JsonObject\prettyPrintTo.cpp">
      <Filter>src\_micro-api-readonly\libraries\ArduinoJson</Filter>
    </ClCompile>
    <ClCompile Include="..\libraries\ArduinoJson\test\JsonObject\printTo.cpp">
      <Filter>src\_micro-api-readonly\libraries\ArduinoJson</Filter>
    </ClCompile>
    <ClCompile Include="..\libraries\ArduinoJson\test\JsonObject\remove.cpp">
      <Filter>src\_micro-api-readonly\libraries\ArduinoJson</Filter>
    </ClCompile>
    <ClCompile Include="..\libraries\ArduinoJson\test\JsonObject\set.cpp">
      <Filter>src\_micro-api-readonly\libraries\ArduinoJson</Filter>
    </ClCompile>
    <ClCompile Include="..\libraries\ArduinoJson\test\JsonObject\size.cpp">
      <Filter>src\_micro-api-readonly\libraries\ArduinoJson</Filter>
    </ClCompile>
    <ClCompile Include="..\libraries\ArduinoJson\test\JsonObject\subscript.cpp">
      <Filter>src\_micro-api-readonly\libraries\ArduinoJson</Filter>
    </ClCompile>
    <ClCompile Include="..\libraries\ArduinoJson\test\JsonVariant\as.cpp">
      <Filter>src\_micro-api-readonly\libraries\ArduinoJson</Filter>
    </ClCompile>
    <ClCompile Include="..\libraries\ArduinoJson\test\JsonVariant\compare.cpp">
      <Filter>src\_micro-api-readonly\libraries\ArduinoJson</Filter>
    </ClCompile>
    <ClCompile Include="..\libraries\ArduinoJson\test\JsonVariant\copy.cpp">
      <Filter>src\_micro-api-readonly\libraries\ArduinoJson</Filter>
    </ClCompile>
    <ClCompile Include="..\libraries\ArduinoJson\test\JsonVariant\is.cpp">
      <Filter>src\_micro-api-readonly\libraries\ArduinoJson</Filter>
    </ClCompile>
    <ClCompile Include="..\libraries\ArduinoJson\test\JsonVariant\or.cpp">
      <Filter>src\_micro-api-readonly\libraries\ArduinoJson</Filter>
    </ClCompile>
    <ClCompile Include="..\libraries\ArduinoJson\test\JsonVariant\printTo.cpp">
      <Filter>src\_micro-api-readonly\libraries\ArduinoJson</Filter>
    </ClCompile>
    <ClCompile Include="..\libraries\ArduinoJson\test\JsonVariant\set_get.cpp">
      <Filter>src\_micro-api-readonly\libraries\ArduinoJson</Filter>
    </ClCompile>
    <ClCompile Include="..\libraries\ArduinoJson\test\JsonVariant\subscript.cpp">
      <Filter>src\_micro-api-readonly\libraries\ArduinoJson</Filter>
    </ClCompile>
    <ClCompile Include="..\libraries\ArduinoJson\test\JsonVariant\success.cpp">
      <Filter>src\_micro-api-readonly\libraries\ArduinoJson</Filter>
    </ClCompile>
    <ClCompile Include="..\libraries\ArduinoJson\test\JsonVariant\undefined.cpp">
      <Filter>src\_micro-api-readonly\libraries\ArduinoJson</Filter>
    </ClCompile>
    <ClCompile Include="..\libraries\ArduinoJson\test\JsonWriter\writeFloat.cpp">
      <Filter>src\_micro-api-readonly\libraries\ArduinoJson</Filter>
    </ClCompile>
    <ClCompile Include="..\libraries\ArduinoJson\test\JsonWriter\writeString.cpp">
      <Filter>src\_micro-api-readonly\libraries\ArduinoJson</Filter>
    </ClCompile>
    <ClCompile Include="..\libraries\ArduinoJson\test\Misc\deprecated.cpp">
      <Filter>src\_micro-api-readonly\libraries\ArduinoJson</Filter>
    </ClCompile>
    <ClCompile Include="..\libraries\ArduinoJson\test\Misc\FloatParts.cpp">
      <Filter>src\_micro-api-readonly\libraries\ArduinoJson</Filter>
    </ClCompile>
    <ClCompile Include="..\libraries\ArduinoJson\test\Misc\std_stream.cpp">
      <Filter>src\_micro-api-readonly\libraries\ArduinoJson</Filter>
    </ClCompile>
    <ClCompile Include="..\libraries\ArduinoJson\test\Misc\std_string.cpp">
      <Filter>src\_micro-api-readonly\libraries\ArduinoJson</Filter>
    </ClCompile>
    <ClCompile Include="..\libraries\ArduinoJson\test\Misc\StringBuilder.cpp">
      <Filter>src\_micro-api-readonly\libraries\ArduinoJson</Filter>
    </ClCompile>
    <ClCompile Include="..\libraries\ArduinoJson\test\Misc\StringTraits.cpp">
      <Filter>src\_micro-api-readonly\libraries\ArduinoJson</Filter>
    </ClCompile>
    <ClCompile Include="..\libraries\ArduinoJson\test\Misc\TypeTraits.cpp">
      <Filter>src\_micro-api-readonly\libraries\ArduinoJson</Filter>
    </ClCompile>
    <ClCompile Include="..\libraries\ArduinoJson\test\Misc\unsigned_char.cpp">
      <Filter>src\_micro-api-readonly\libraries\ArduinoJson</Filter>
    </ClCompile>
    <ClCompile Include="..\libraries\ArduinoJson\test\Misc\version.cpp">
      <Filter>src\_micro-api-readonly\libraries\ArduinoJson</Filter>
    </ClCompile>
    <ClCompile Include="..\libraries\ArduinoJson\test\Misc\vla.cpp">
      <Filter>src\_micro-api-readonly\libraries\ArduinoJson</Filter>
    </ClCompile>
    <ClCompile Include="..\libraries\ArduinoJson\test\Polyfills\isFloat.cpp">
      <Filter>src\_micro-api-readonly\libraries\ArduinoJson</Filter>
    </ClCompile>
    <ClCompile Include="..\libraries\ArduinoJson\test\Polyfills\isInteger.cpp">
      <Filter>src\_micro-api-readonly\libraries\ArduinoJson</Filter>
    </ClCompile>
    <ClCompile Include="..\libraries\ArduinoJson\test\Polyfills\parseFloat.cpp">
      <Filter>src\_micro-api-readonly\libraries\ArduinoJson</Filter>
    </ClCompile>
    <ClCompile Include="..\libraries\ArduinoJson\test\Polyfills\parseInteger.cpp">
      <Filter>src\_micro-api-readonly\libraries\ArduinoJson</Filter>
    </ClCompile>
    <ClCompile Include="..\libraries\ArduinoJson\test\StaticJsonBuffer\alloc.cpp">
      <Filter>src\_micro-api-readonly\libraries\ArduinoJson</Filter>
    </ClCompile>
    <ClCompile Include="..\libraries\ArduinoJson\test\StaticJsonBuffer\createArray.cpp">
      <Filter>src\_micro-api-readonly\libraries\ArduinoJson</Filter>
    </ClCompile>
    <ClCompile Include="..\libraries\ArduinoJson\test\StaticJsonBuffer\createObject.cpp">
      <Filter>src\_micro-api-readonly\libraries\ArduinoJson</Filter>
    </ClCompile>
    <ClCompile Include="..\libraries\ArduinoJson\test\StaticJsonBuffer\parseArray.cpp">
      <Filter>src\_micro-api-readonly\libraries\ArduinoJson</Filter>
    </ClCompile>
    <ClCompile Include="..\libraries\ArduinoJson\test\StaticJsonBuffer\parseObject.cpp">
      <Filter>src\_micro-api-readonly\libraries\ArduinoJson</Filter>
    </ClCompile>
    <ClCompile Include="..\libraries\ArduinoJson\test\StaticJsonBuffer\size.cpp">
      <Filter>src\_micro-api-readonly\libraries\ArduinoJson</Filter>
    </ClCompile>
    <ClCompile Include="..\libraries\ArduinoJson\test\StaticJsonBuffer\startString.cpp">
      <Filter>src\_micro-api-readonly\libraries\ArduinoJson</Filter>
    </ClCompile>
    <ClCompile Include="..\libraries\ArduinoJson\third-party\catch\catch.cpp">
      <Filter>src\_micro-api-readonly\libraries\ArduinoJson</Filter>
    </ClCompile>
    <ClCompile Include="ESP8266WepSpiffsUpdater.cpp">
      <Filter>Source Files</Filter>
    </ClCompile>
    <ClCompile Include="WaterSensor.cpp">
      <Filter>Source Files</Filter>
    </ClCompile>
    <ClCompile Include="Rectify.cpp">
      <Filter>Source Files</Filter>
    </ClCompile>
    <ClCompile Include="Multiplexor.cpp">
      <Filter>Source Files</Filter>
    </ClCompile>
    <ClCompile Include="Pump.cpp">
      <Filter>Source Files</Filter>
    </ClCompile>
    <ClCompile Include="Manual.cpp">
      <Filter>Source Files</Filter>
    </ClCompile>
    <ClCompile Include="Brewing.cpp">
      <Filter>Source Files</Filter>
    </ClCompile>
  </ItemGroup>
  <ItemGroup>
    <Text Include="..\libraries\QList\keywords.txt">
      <Filter>src\_micro-api-readonly\libraries\QList</Filter>
    </Text>
    <Text Include="..\libraries\OneWire\keywords.txt">
      <Filter>src\_micro-api-readonly\libraries\OneWire</Filter>
    </Text>
    <Text Include="C:\Users\ys\AppData\Local\arduino15\packages\esp8266\hardware\esp8266\2.4.1\libraries\Wire\keywords.txt">
      <Filter>src\_micro-api-readonly\libraries\Wire</Filter>
    </Text>
    <Text Include="C:\Users\ys\AppData\Local\arduino15\packages\esp8266\hardware\esp8266\2.4.1\libraries\ESP8266WiFi\keywords.txt">
      <Filter>src\_micro-api-readonly\libraries\ESP8266WiFi</Filter>
    </Text>
    <Text Include="C:\Users\ys\AppData\Local\arduino15\packages\esp8266\hardware\esp8266\2.4.1\libraries\ESP8266mDNS\keywords.txt">
      <Filter>src\_micro-api-readonly\libraries\ESP8266mDNS</Filter>
    </Text>
    <Text Include="C:\Users\ys\AppData\Local\arduino15\packages\esp8266\hardware\esp8266\2.4.1\libraries\ESP8266HTTPUpdateServer\keywords.txt">
      <Filter>src\_micro-api-readonly\libraries\ESP8266HTTPUpdateServer</Filter>
    </Text>
    <Text Include="..\libraries\MD_DS3231\keywords.txt">
      <Filter>src\_micro-api-readonly\libraries\MD_DS3231</Filter>
    </Text>
    <Text Include="C:\Users\ys\AppData\Local\arduino15\packages\esp8266\hardware\esp8266\2.4.1\libraries\ESP8266WebServer\keywords.txt">
      <Filter>src\_micro-api-readonly\libraries\ESP8266WebServer</Filter>
    </Text>
    <Text Include="..\libraries\ArduinoJson\CMakeLists.txt">
      <Filter>src\_micro-api-readonly\libraries\ArduinoJson</Filter>
    </Text>
    <Text Include="..\libraries\ArduinoJson\keywords.txt">
      <Filter>src\_micro-api-readonly\libraries\ArduinoJson</Filter>
    </Text>
    <Text Include="..\libraries\ArduinoJson\test\CMakeLists.txt">
      <Filter>src\_micro-api-readonly\libraries\ArduinoJson</Filter>
    </Text>
    <Text Include="..\libraries\ArduinoJson\test\DynamicJsonBuffer\CMakeLists.txt">
      <Filter>src\_micro-api-readonly\libraries\ArduinoJson</Filter>
    </Text>
    <Text Include="..\libraries\ArduinoJson\test\IntegrationTests\CMakeLists.txt">
      <Filter>src\_micro-api-readonly\libraries\ArduinoJson</Filter>
    </Text>
    <Text Include="..\libraries\ArduinoJson\test\JsonArray\CMakeLists.txt">
      <Filter>src\_micro-api-readonly\libraries\ArduinoJson</Filter>
    </Text>
    <Text Include="..\libraries\ArduinoJson\test\JsonBuffer\CMakeLists.txt">
      <Filter>src\_micro-api-readonly\libraries\ArduinoJson</Filter>
    </Text>
    <Text Include="..\libraries\ArduinoJson\test\JsonObject\CMakeLists.txt">
      <Filter>src\_micro-api-readonly\libraries\ArduinoJson</Filter>
    </Text>
    <Text Include="..\libraries\ArduinoJson\test\JsonVariant\CMakeLists.txt">
      <Filter>src\_micro-api-readonly\libraries\ArduinoJson</Filter>
    </Text>
    <Text Include="..\libraries\ArduinoJson\test\JsonWriter\CMakeLists.txt">
      <Filter>src\_micro-api-readonly\libraries\ArduinoJson</Filter>
    </Text>
    <Text Include="..\libraries\ArduinoJson\test\Misc\CMakeLists.txt">
      <Filter>src\_micro-api-readonly\libraries\ArduinoJson</Filter>
    </Text>
    <Text Include="..\libraries\ArduinoJson\test\Polyfills\CMakeLists.txt">
      <Filter>src\_micro-api-readonly\libraries\ArduinoJson</Filter>
    </Text>
    <Text Include="..\libraries\ArduinoJson\test\StaticJsonBuffer\CMakeLists.txt">
      <Filter>src\_micro-api-readonly\libraries\ArduinoJson</Filter>
    </Text>
    <Text Include="..\libraries\ArduinoJson\third-party\catch\CMakeLists.txt">
      <Filter>src\_micro-api-readonly\libraries\ArduinoJson</Filter>
    </Text>
  </ItemGroup>
</Project>